
Microsoft Visual Studio Solution File, Format Version 12.00
# Visual Studio 2013
VisualStudioVersion = 12.0.40629.0
MinimumVisualStudioVersion = 10.0.40219.1
Project("{FAE04EC0-301F-11D3-BF4B-00C04F79EFBC}") = "PI_Api", "PI_Api\PI_Api.csproj", "{7AC48BEF-CA1A-48C5-9A8E-3AC55C369B3E}"
EndProject
Project("{FAE04EC0-301F-11D3-BF4B-00C04F79EFBC}") = "PI_Domain", "PI_Domain\PI_Domain.csproj", "{1339C0E5-108B-469C-B749-D4D9503F913A}"
EndProject
Project("{FAE04EC0-301F-11D3-BF4B-00C04F79EFBC}") = "PI_Models", "PI_Models\PI_Models.csproj", "{8B27E1E3-E697-471F-ADB4-9AEE0BC13037}"
EndProject
Project("{FAE04EC0-301F-11D3-BF4B-00C04F79EFBC}") = "PI_DAL", "PI_DAL\PI_DAL.csproj", "{651F6FDE-1B4B-4397-AE76-4106170C6F6C}"
EndProject
Project("{FAE04EC0-301F-11D3-BF4B-00C04F79EFBC}") = "PI_Angular", "PI_Angular\PI_Angular.csproj", "{9B81286A-154B-4320-98AA-0ABCF5508E3B}"
EndProject
Project("{FAE04EC0-301F-11D3-BF4B-00C04F79EFBC}") = "PI_MVC", "PI_MVC\PI_MVC.csproj", "{AE7B8028-D398-4CF7-865E-27D646C17E9A}"
EndProject
Project("{FAE04EC0-301F-11D3-BF4B-00C04F79EFBC}") = "PI_Abstract", "PI_Abstract\PI_Abstract.csproj", "{2743429B-75D2-44F5-A9A3-4745751408FA}"
EndProject
Project("{FAE04EC0-301F-11D3-BF4B-00C04F79EFBC}") = "Abbott.IMS.Mobile.Forms", "Abbott.IMS.Mobile.Forms\Abbott.IMS.Mobile.Forms.csproj", "{40CFE110-5216-4BB3-A852-380A5B14210B}"
EndProject
Project("{FAE04EC0-301F-11D3-BF4B-00C04F79EFBC}") = "MVC_Testing", "MVC_Testing\MVC_Testing.csproj", "{E3F972B5-76F9-48FC-AB2E-3821BF8891F9}"
EndProject
Project("{FAE04EC0-301F-11D3-BF4B-00C04F79EFBC}") = "PI_XPlatform.Droid", "PI_XPlatform\PI_XPlatform.Droid\PI_XPlatform.Droid.csproj", "{106887C8-E8E4-42A1-A848-33A9E1123B02}"
EndProject
Project("{FAE04EC0-301F-11D3-BF4B-00C04F79EFBC}") = "PI_XPlatform.iOS", "PI_XPlatform\PI_XPlatform.iOS\PI_XPlatform.iOS.csproj", "{F8DD98AF-5DAB-4B9A-82EB-D8A1A26EA2A1}"
EndProject
Project("{FAE04EC0-301F-11D3-BF4B-00C04F79EFBC}") = "PI_XPlatform.WinPhone", "PI_XPlatform\PI_XPlatform.WinPhone\PI_XPlatform.WinPhone.csproj", "{710160A1-8E16-42A0-9177-224853D5C9C9}"
EndProject
Project("{FAE04EC0-301F-11D3-BF4B-00C04F79EFBC}") = "PI_XPlatform", "PI_XPlatform\PI_XPlatform\PI_XPlatform.csproj", "{85326D3A-9CE1-4C4F-8DC1-6F33217A60F7}"
EndProject
Global
	GlobalSection(SolutionConfigurationPlatforms) = preSolution
		AppStore|Any CPU = AppStore|Any CPU
		AppStore|ARM = AppStore|ARM
		AppStore|iPhone = AppStore|iPhone
		AppStore|iPhoneSimulator = AppStore|iPhoneSimulator
		AppStore|Mixed Platforms = AppStore|Mixed Platforms
		AppStore|x86 = AppStore|x86
		Debug|Any CPU = Debug|Any CPU
		Debug|ARM = Debug|ARM
		Debug|iPhone = Debug|iPhone
		Debug|iPhoneSimulator = Debug|iPhoneSimulator
		Debug|Mixed Platforms = Debug|Mixed Platforms
		Debug|x86 = Debug|x86
		Release|Any CPU = Release|Any CPU
		Release|ARM = Release|ARM
		Release|iPhone = Release|iPhone
		Release|iPhoneSimulator = Release|iPhoneSimulator
		Release|Mixed Platforms = Release|Mixed Platforms
		Release|x86 = Release|x86
	EndGlobalSection
	GlobalSection(ProjectConfigurationPlatforms) = postSolution
		{7AC48BEF-CA1A-48C5-9A8E-3AC55C369B3E}.AppStore|Any CPU.ActiveCfg = Release|Any CPU
		{7AC48BEF-CA1A-48C5-9A8E-3AC55C369B3E}.AppStore|Any CPU.Build.0 = Release|Any CPU
		{7AC48BEF-CA1A-48C5-9A8E-3AC55C369B3E}.AppStore|ARM.ActiveCfg = Release|Any CPU
		{7AC48BEF-CA1A-48C5-9A8E-3AC55C369B3E}.AppStore|iPhone.ActiveCfg = Release|Any CPU
		{7AC48BEF-CA1A-48C5-9A8E-3AC55C369B3E}.AppStore|iPhoneSimulator.ActiveCfg = Release|Any CPU
		{7AC48BEF-CA1A-48C5-9A8E-3AC55C369B3E}.AppStore|Mixed Platforms.ActiveCfg = Release|Any CPU
		{7AC48BEF-CA1A-48C5-9A8E-3AC55C369B3E}.AppStore|Mixed Platforms.Build.0 = Release|Any CPU
		{7AC48BEF-CA1A-48C5-9A8E-3AC55C369B3E}.AppStore|x86.ActiveCfg = Release|Any CPU
		{7AC48BEF-CA1A-48C5-9A8E-3AC55C369B3E}.Debug|Any CPU.ActiveCfg = Debug|Any CPU
		{7AC48BEF-CA1A-48C5-9A8E-3AC55C369B3E}.Debug|Any CPU.Build.0 = Debug|Any CPU
		{7AC48BEF-CA1A-48C5-9A8E-3AC55C369B3E}.Debug|ARM.ActiveCfg = Debug|Any CPU
		{7AC48BEF-CA1A-48C5-9A8E-3AC55C369B3E}.Debug|iPhone.ActiveCfg = Debug|Any CPU
		{7AC48BEF-CA1A-48C5-9A8E-3AC55C369B3E}.Debug|iPhoneSimulator.ActiveCfg = Debug|Any CPU
		{7AC48BEF-CA1A-48C5-9A8E-3AC55C369B3E}.Debug|Mixed Platforms.ActiveCfg = Debug|Any CPU
		{7AC48BEF-CA1A-48C5-9A8E-3AC55C369B3E}.Debug|Mixed Platforms.Build.0 = Debug|Any CPU
		{7AC48BEF-CA1A-48C5-9A8E-3AC55C369B3E}.Debug|x86.ActiveCfg = Debug|Any CPU
		{7AC48BEF-CA1A-48C5-9A8E-3AC55C369B3E}.Release|Any CPU.ActiveCfg = Release|Any CPU
		{7AC48BEF-CA1A-48C5-9A8E-3AC55C369B3E}.Release|Any CPU.Build.0 = Release|Any CPU
		{7AC48BEF-CA1A-48C5-9A8E-3AC55C369B3E}.Release|ARM.ActiveCfg = Release|Any CPU
		{7AC48BEF-CA1A-48C5-9A8E-3AC55C369B3E}.Release|iPhone.ActiveCfg = Release|Any CPU
		{7AC48BEF-CA1A-48C5-9A8E-3AC55C369B3E}.Release|iPhoneSimulator.ActiveCfg = Release|Any CPU
		{7AC48BEF-CA1A-48C5-9A8E-3AC55C369B3E}.Release|Mixed Platforms.ActiveCfg = Release|Any CPU
		{7AC48BEF-CA1A-48C5-9A8E-3AC55C369B3E}.Release|Mixed Platforms.Build.0 = Release|Any CPU
		{7AC48BEF-CA1A-48C5-9A8E-3AC55C369B3E}.Release|x86.ActiveCfg = Release|Any CPU
		{1339C0E5-108B-469C-B749-D4D9503F913A}.AppStore|Any CPU.ActiveCfg = Release|Any CPU
		{1339C0E5-108B-469C-B749-D4D9503F913A}.AppStore|Any CPU.Build.0 = Release|Any CPU
		{1339C0E5-108B-469C-B749-D4D9503F913A}.AppStore|ARM.ActiveCfg = Release|Any CPU
		{1339C0E5-108B-469C-B749-D4D9503F913A}.AppStore|iPhone.ActiveCfg = Release|Any CPU
		{1339C0E5-108B-469C-B749-D4D9503F913A}.AppStore|iPhoneSimulator.ActiveCfg = Release|Any CPU
		{1339C0E5-108B-469C-B749-D4D9503F913A}.AppStore|Mixed Platforms.ActiveCfg = Release|Any CPU
		{1339C0E5-108B-469C-B749-D4D9503F913A}.AppStore|Mixed Platforms.Build.0 = Release|Any CPU
		{1339C0E5-108B-469C-B749-D4D9503F913A}.AppStore|x86.ActiveCfg = Release|Any CPU
		{1339C0E5-108B-469C-B749-D4D9503F913A}.Debug|Any CPU.ActiveCfg = Debug|Any CPU
		{1339C0E5-108B-469C-B749-D4D9503F913A}.Debug|Any CPU.Build.0 = Debug|Any CPU
		{1339C0E5-108B-469C-B749-D4D9503F913A}.Debug|ARM.ActiveCfg = Debug|Any CPU
		{1339C0E5-108B-469C-B749-D4D9503F913A}.Debug|iPhone.ActiveCfg = Debug|Any CPU
		{1339C0E5-108B-469C-B749-D4D9503F913A}.Debug|iPhoneSimulator.ActiveCfg = Debug|Any CPU
		{1339C0E5-108B-469C-B749-D4D9503F913A}.Debug|Mixed Platforms.ActiveCfg = Debug|Any CPU
		{1339C0E5-108B-469C-B749-D4D9503F913A}.Debug|Mixed Platforms.Build.0 = Debug|Any CPU
		{1339C0E5-108B-469C-B749-D4D9503F913A}.Debug|x86.ActiveCfg = Debug|Any CPU
		{1339C0E5-108B-469C-B749-D4D9503F913A}.Release|Any CPU.ActiveCfg = Release|Any CPU
		{1339C0E5-108B-469C-B749-D4D9503F913A}.Release|Any CPU.Build.0 = Release|Any CPU
		{1339C0E5-108B-469C-B749-D4D9503F913A}.Release|ARM.ActiveCfg = Release|Any CPU
		{1339C0E5-108B-469C-B749-D4D9503F913A}.Release|iPhone.ActiveCfg = Release|Any CPU
		{1339C0E5-108B-469C-B749-D4D9503F913A}.Release|iPhoneSimulator.ActiveCfg = Release|Any CPU
		{1339C0E5-108B-469C-B749-D4D9503F913A}.Release|Mixed Platforms.ActiveCfg = Release|Any CPU
		{1339C0E5-108B-469C-B749-D4D9503F913A}.Release|Mixed Platforms.Build.0 = Release|Any CPU
		{1339C0E5-108B-469C-B749-D4D9503F913A}.Release|x86.ActiveCfg = Release|Any CPU
		{8B27E1E3-E697-471F-ADB4-9AEE0BC13037}.AppStore|Any CPU.ActiveCfg = Release|Any CPU
		{8B27E1E3-E697-471F-ADB4-9AEE0BC13037}.AppStore|Any CPU.Build.0 = Release|Any CPU
		{8B27E1E3-E697-471F-ADB4-9AEE0BC13037}.AppStore|ARM.ActiveCfg = Release|Any CPU
		{8B27E1E3-E697-471F-ADB4-9AEE0BC13037}.AppStore|iPhone.ActiveCfg = Release|Any CPU
		{8B27E1E3-E697-471F-ADB4-9AEE0BC13037}.AppStore|iPhoneSimulator.ActiveCfg = Release|Any CPU
		{8B27E1E3-E697-471F-ADB4-9AEE0BC13037}.AppStore|Mixed Platforms.ActiveCfg = Release|Any CPU
		{8B27E1E3-E697-471F-ADB4-9AEE0BC13037}.AppStore|Mixed Platforms.Build.0 = Release|Any CPU
		{8B27E1E3-E697-471F-ADB4-9AEE0BC13037}.AppStore|x86.ActiveCfg = Release|Any CPU
		{8B27E1E3-E697-471F-ADB4-9AEE0BC13037}.Debug|Any CPU.ActiveCfg = Debug|Any CPU
		{8B27E1E3-E697-471F-ADB4-9AEE0BC13037}.Debug|Any CPU.Build.0 = Debug|Any CPU
		{8B27E1E3-E697-471F-ADB4-9AEE0BC13037}.Debug|ARM.ActiveCfg = Debug|Any CPU
		{8B27E1E3-E697-471F-ADB4-9AEE0BC13037}.Debug|iPhone.ActiveCfg = Debug|Any CPU
		{8B27E1E3-E697-471F-ADB4-9AEE0BC13037}.Debug|iPhoneSimulator.ActiveCfg = Debug|Any CPU
		{8B27E1E3-E697-471F-ADB4-9AEE0BC13037}.Debug|Mixed Platforms.ActiveCfg = Debug|Any CPU
		{8B27E1E3-E697-471F-ADB4-9AEE0BC13037}.Debug|Mixed Platforms.Build.0 = Debug|Any CPU
		{8B27E1E3-E697-471F-ADB4-9AEE0BC13037}.Debug|x86.ActiveCfg = Debug|Any CPU
		{8B27E1E3-E697-471F-ADB4-9AEE0BC13037}.Release|Any CPU.ActiveCfg = Release|Any CPU
		{8B27E1E3-E697-471F-ADB4-9AEE0BC13037}.Release|Any CPU.Build.0 = Release|Any CPU
		{8B27E1E3-E697-471F-ADB4-9AEE0BC13037}.Release|ARM.ActiveCfg = Release|Any CPU
		{8B27E1E3-E697-471F-ADB4-9AEE0BC13037}.Release|iPhone.ActiveCfg = Release|Any CPU
		{8B27E1E3-E697-471F-ADB4-9AEE0BC13037}.Release|iPhoneSimulator.ActiveCfg = Release|Any CPU
		{8B27E1E3-E697-471F-ADB4-9AEE0BC13037}.Release|Mixed Platforms.ActiveCfg = Release|Any CPU
		{8B27E1E3-E697-471F-ADB4-9AEE0BC13037}.Release|Mixed Platforms.Build.0 = Release|Any CPU
		{8B27E1E3-E697-471F-ADB4-9AEE0BC13037}.Release|x86.ActiveCfg = Release|Any CPU
		{651F6FDE-1B4B-4397-AE76-4106170C6F6C}.AppStore|Any CPU.ActiveCfg = Release|Any CPU
		{651F6FDE-1B4B-4397-AE76-4106170C6F6C}.AppStore|Any CPU.Build.0 = Release|Any CPU
		{651F6FDE-1B4B-4397-AE76-4106170C6F6C}.AppStore|ARM.ActiveCfg = Release|Any CPU
		{651F6FDE-1B4B-4397-AE76-4106170C6F6C}.AppStore|iPhone.ActiveCfg = Release|Any CPU
		{651F6FDE-1B4B-4397-AE76-4106170C6F6C}.AppStore|iPhoneSimulator.ActiveCfg = Release|Any CPU
		{651F6FDE-1B4B-4397-AE76-4106170C6F6C}.AppStore|Mixed Platforms.ActiveCfg = Release|Any CPU
		{651F6FDE-1B4B-4397-AE76-4106170C6F6C}.AppStore|Mixed Platforms.Build.0 = Release|Any CPU
		{651F6FDE-1B4B-4397-AE76-4106170C6F6C}.AppStore|x86.ActiveCfg = Release|Any CPU
		{651F6FDE-1B4B-4397-AE76-4106170C6F6C}.Debug|Any CPU.ActiveCfg = Debug|Any CPU
		{651F6FDE-1B4B-4397-AE76-4106170C6F6C}.Debug|Any CPU.Build.0 = Debug|Any CPU
		{651F6FDE-1B4B-4397-AE76-4106170C6F6C}.Debug|ARM.ActiveCfg = Debug|Any CPU
		{651F6FDE-1B4B-4397-AE76-4106170C6F6C}.Debug|iPhone.ActiveCfg = Debug|Any CPU
		{651F6FDE-1B4B-4397-AE76-4106170C6F6C}.Debug|iPhoneSimulator.ActiveCfg = Debug|Any CPU
		{651F6FDE-1B4B-4397-AE76-4106170C6F6C}.Debug|Mixed Platforms.ActiveCfg = Debug|Any CPU
		{651F6FDE-1B4B-4397-AE76-4106170C6F6C}.Debug|Mixed Platforms.Build.0 = Debug|Any CPU
		{651F6FDE-1B4B-4397-AE76-4106170C6F6C}.Debug|x86.ActiveCfg = Debug|Any CPU
		{651F6FDE-1B4B-4397-AE76-4106170C6F6C}.Release|Any CPU.ActiveCfg = Release|Any CPU
		{651F6FDE-1B4B-4397-AE76-4106170C6F6C}.Release|Any CPU.Build.0 = Release|Any CPU
		{651F6FDE-1B4B-4397-AE76-4106170C6F6C}.Release|ARM.ActiveCfg = Release|Any CPU
		{651F6FDE-1B4B-4397-AE76-4106170C6F6C}.Release|iPhone.ActiveCfg = Release|Any CPU
		{651F6FDE-1B4B-4397-AE76-4106170C6F6C}.Release|iPhoneSimulator.ActiveCfg = Release|Any CPU
		{651F6FDE-1B4B-4397-AE76-4106170C6F6C}.Release|Mixed Platforms.ActiveCfg = Release|Any CPU
		{651F6FDE-1B4B-4397-AE76-4106170C6F6C}.Release|Mixed Platforms.Build.0 = Release|Any CPU
		{651F6FDE-1B4B-4397-AE76-4106170C6F6C}.Release|x86.ActiveCfg = Release|Any CPU
		{9B81286A-154B-4320-98AA-0ABCF5508E3B}.AppStore|Any CPU.ActiveCfg = Release|Any CPU
		{9B81286A-154B-4320-98AA-0ABCF5508E3B}.AppStore|Any CPU.Build.0 = Release|Any CPU
		{9B81286A-154B-4320-98AA-0ABCF5508E3B}.AppStore|ARM.ActiveCfg = Release|Any CPU
		{9B81286A-154B-4320-98AA-0ABCF5508E3B}.AppStore|iPhone.ActiveCfg = Release|Any CPU
		{9B81286A-154B-4320-98AA-0ABCF5508E3B}.AppStore|iPhoneSimulator.ActiveCfg = Release|Any CPU
		{9B81286A-154B-4320-98AA-0ABCF5508E3B}.AppStore|Mixed Platforms.ActiveCfg = Release|Any CPU
		{9B81286A-154B-4320-98AA-0ABCF5508E3B}.AppStore|Mixed Platforms.Build.0 = Release|Any CPU
		{9B81286A-154B-4320-98AA-0ABCF5508E3B}.AppStore|x86.ActiveCfg = Release|Any CPU
		{9B81286A-154B-4320-98AA-0ABCF5508E3B}.Debug|Any CPU.ActiveCfg = Debug|Any CPU
		{9B81286A-154B-4320-98AA-0ABCF5508E3B}.Debug|Any CPU.Build.0 = Debug|Any CPU
		{9B81286A-154B-4320-98AA-0ABCF5508E3B}.Debug|ARM.ActiveCfg = Debug|Any CPU
		{9B81286A-154B-4320-98AA-0ABCF5508E3B}.Debug|iPhone.ActiveCfg = Debug|Any CPU
		{9B81286A-154B-4320-98AA-0ABCF5508E3B}.Debug|iPhoneSimulator.ActiveCfg = Debug|Any CPU
		{9B81286A-154B-4320-98AA-0ABCF5508E3B}.Debug|Mixed Platforms.ActiveCfg = Debug|Any CPU
		{9B81286A-154B-4320-98AA-0ABCF5508E3B}.Debug|Mixed Platforms.Build.0 = Debug|Any CPU
		{9B81286A-154B-4320-98AA-0ABCF5508E3B}.Debug|x86.ActiveCfg = Debug|Any CPU
		{9B81286A-154B-4320-98AA-0ABCF5508E3B}.Release|Any CPU.ActiveCfg = Release|Any CPU
		{9B81286A-154B-4320-98AA-0ABCF5508E3B}.Release|Any CPU.Build.0 = Release|Any CPU
		{9B81286A-154B-4320-98AA-0ABCF5508E3B}.Release|ARM.ActiveCfg = Release|Any CPU
		{9B81286A-154B-4320-98AA-0ABCF5508E3B}.Release|iPhone.ActiveCfg = Release|Any CPU
		{9B81286A-154B-4320-98AA-0ABCF5508E3B}.Release|iPhoneSimulator.ActiveCfg = Release|Any CPU
		{9B81286A-154B-4320-98AA-0ABCF5508E3B}.Release|Mixed Platforms.ActiveCfg = Release|Any CPU
		{9B81286A-154B-4320-98AA-0ABCF5508E3B}.Release|Mixed Platforms.Build.0 = Release|Any CPU
		{9B81286A-154B-4320-98AA-0ABCF5508E3B}.Release|x86.ActiveCfg = Release|Any CPU
		{AE7B8028-D398-4CF7-865E-27D646C17E9A}.AppStore|Any CPU.ActiveCfg = Release|Any CPU
		{AE7B8028-D398-4CF7-865E-27D646C17E9A}.AppStore|Any CPU.Build.0 = Release|Any CPU
		{AE7B8028-D398-4CF7-865E-27D646C17E9A}.AppStore|ARM.ActiveCfg = Release|Any CPU
		{AE7B8028-D398-4CF7-865E-27D646C17E9A}.AppStore|iPhone.ActiveCfg = Release|Any CPU
		{AE7B8028-D398-4CF7-865E-27D646C17E9A}.AppStore|iPhoneSimulator.ActiveCfg = Release|Any CPU
		{AE7B8028-D398-4CF7-865E-27D646C17E9A}.AppStore|Mixed Platforms.ActiveCfg = Release|Any CPU
		{AE7B8028-D398-4CF7-865E-27D646C17E9A}.AppStore|Mixed Platforms.Build.0 = Release|Any CPU
		{AE7B8028-D398-4CF7-865E-27D646C17E9A}.AppStore|x86.ActiveCfg = Release|Any CPU
		{AE7B8028-D398-4CF7-865E-27D646C17E9A}.Debug|Any CPU.ActiveCfg = Debug|Any CPU
		{AE7B8028-D398-4CF7-865E-27D646C17E9A}.Debug|Any CPU.Build.0 = Debug|Any CPU
		{AE7B8028-D398-4CF7-865E-27D646C17E9A}.Debug|ARM.ActiveCfg = Debug|Any CPU
		{AE7B8028-D398-4CF7-865E-27D646C17E9A}.Debug|iPhone.ActiveCfg = Debug|Any CPU
		{AE7B8028-D398-4CF7-865E-27D646C17E9A}.Debug|iPhoneSimulator.ActiveCfg = Debug|Any CPU
		{AE7B8028-D398-4CF7-865E-27D646C17E9A}.Debug|Mixed Platforms.ActiveCfg = Debug|Any CPU
		{AE7B8028-D398-4CF7-865E-27D646C17E9A}.Debug|Mixed Platforms.Build.0 = Debug|Any CPU
		{AE7B8028-D398-4CF7-865E-27D646C17E9A}.Debug|x86.ActiveCfg = Debug|Any CPU
		{AE7B8028-D398-4CF7-865E-27D646C17E9A}.Release|Any CPU.ActiveCfg = Release|Any CPU
		{AE7B8028-D398-4CF7-865E-27D646C17E9A}.Release|Any CPU.Build.0 = Release|Any CPU
		{AE7B8028-D398-4CF7-865E-27D646C17E9A}.Release|ARM.ActiveCfg = Release|Any CPU
		{AE7B8028-D398-4CF7-865E-27D646C17E9A}.Release|iPhone.ActiveCfg = Release|Any CPU
		{AE7B8028-D398-4CF7-865E-27D646C17E9A}.Release|iPhoneSimulator.ActiveCfg = Release|Any CPU
		{AE7B8028-D398-4CF7-865E-27D646C17E9A}.Release|Mixed Platforms.ActiveCfg = Release|Any CPU
		{AE7B8028-D398-4CF7-865E-27D646C17E9A}.Release|Mixed Platforms.Build.0 = Release|Any CPU
		{AE7B8028-D398-4CF7-865E-27D646C17E9A}.Release|x86.ActiveCfg = Release|Any CPU
		{2743429B-75D2-44F5-A9A3-4745751408FA}.AppStore|Any CPU.ActiveCfg = Release|Any CPU
		{2743429B-75D2-44F5-A9A3-4745751408FA}.AppStore|Any CPU.Build.0 = Release|Any CPU
		{2743429B-75D2-44F5-A9A3-4745751408FA}.AppStore|ARM.ActiveCfg = Release|Any CPU
		{2743429B-75D2-44F5-A9A3-4745751408FA}.AppStore|iPhone.ActiveCfg = Release|Any CPU
		{2743429B-75D2-44F5-A9A3-4745751408FA}.AppStore|iPhoneSimulator.ActiveCfg = Release|Any CPU
		{2743429B-75D2-44F5-A9A3-4745751408FA}.AppStore|Mixed Platforms.ActiveCfg = Release|Any CPU
		{2743429B-75D2-44F5-A9A3-4745751408FA}.AppStore|Mixed Platforms.Build.0 = Release|Any CPU
		{2743429B-75D2-44F5-A9A3-4745751408FA}.AppStore|x86.ActiveCfg = Release|Any CPU
		{2743429B-75D2-44F5-A9A3-4745751408FA}.Debug|Any CPU.ActiveCfg = Debug|Any CPU
		{2743429B-75D2-44F5-A9A3-4745751408FA}.Debug|Any CPU.Build.0 = Debug|Any CPU
		{2743429B-75D2-44F5-A9A3-4745751408FA}.Debug|ARM.ActiveCfg = Debug|Any CPU
		{2743429B-75D2-44F5-A9A3-4745751408FA}.Debug|iPhone.ActiveCfg = Debug|Any CPU
		{2743429B-75D2-44F5-A9A3-4745751408FA}.Debug|iPhoneSimulator.ActiveCfg = Debug|Any CPU
		{2743429B-75D2-44F5-A9A3-4745751408FA}.Debug|Mixed Platforms.ActiveCfg = Debug|Any CPU
		{2743429B-75D2-44F5-A9A3-4745751408FA}.Debug|Mixed Platforms.Build.0 = Debug|Any CPU
		{2743429B-75D2-44F5-A9A3-4745751408FA}.Debug|x86.ActiveCfg = Debug|Any CPU
		{2743429B-75D2-44F5-A9A3-4745751408FA}.Release|Any CPU.ActiveCfg = Release|Any CPU
		{2743429B-75D2-44F5-A9A3-4745751408FA}.Release|Any CPU.Build.0 = Release|Any CPU
		{2743429B-75D2-44F5-A9A3-4745751408FA}.Release|ARM.ActiveCfg = Release|Any CPU
		{2743429B-75D2-44F5-A9A3-4745751408FA}.Release|iPhone.ActiveCfg = Release|Any CPU
		{2743429B-75D2-44F5-A9A3-4745751408FA}.Release|iPhoneSimulator.ActiveCfg = Release|Any CPU
		{2743429B-75D2-44F5-A9A3-4745751408FA}.Release|Mixed Platforms.ActiveCfg = Release|Any CPU
		{2743429B-75D2-44F5-A9A3-4745751408FA}.Release|Mixed Platforms.Build.0 = Release|Any CPU
		{2743429B-75D2-44F5-A9A3-4745751408FA}.Release|x86.ActiveCfg = Release|Any CPU
		{40CFE110-5216-4BB3-A852-380A5B14210B}.AppStore|Any CPU.ActiveCfg = Release|Any CPU
		{40CFE110-5216-4BB3-A852-380A5B14210B}.AppStore|Any CPU.Build.0 = Release|Any CPU
		{40CFE110-5216-4BB3-A852-380A5B14210B}.AppStore|ARM.ActiveCfg = Release|Any CPU
		{40CFE110-5216-4BB3-A852-380A5B14210B}.AppStore|iPhone.ActiveCfg = Release|Any CPU
		{40CFE110-5216-4BB3-A852-380A5B14210B}.AppStore|iPhoneSimulator.ActiveCfg = Release|Any CPU
		{40CFE110-5216-4BB3-A852-380A5B14210B}.AppStore|Mixed Platforms.ActiveCfg = Release|Any CPU
		{40CFE110-5216-4BB3-A852-380A5B14210B}.AppStore|Mixed Platforms.Build.0 = Release|Any CPU
		{40CFE110-5216-4BB3-A852-380A5B14210B}.AppStore|x86.ActiveCfg = Release|Any CPU
		{40CFE110-5216-4BB3-A852-380A5B14210B}.Debug|Any CPU.ActiveCfg = Debug|Any CPU
		{40CFE110-5216-4BB3-A852-380A5B14210B}.Debug|Any CPU.Build.0 = Debug|Any CPU
		{40CFE110-5216-4BB3-A852-380A5B14210B}.Debug|ARM.ActiveCfg = Debug|Any CPU
		{40CFE110-5216-4BB3-A852-380A5B14210B}.Debug|iPhone.ActiveCfg = Debug|Any CPU
		{40CFE110-5216-4BB3-A852-380A5B14210B}.Debug|iPhoneSimulator.ActiveCfg = Debug|Any CPU
		{40CFE110-5216-4BB3-A852-380A5B14210B}.Debug|Mixed Platforms.ActiveCfg = Debug|Any CPU
		{40CFE110-5216-4BB3-A852-380A5B14210B}.Debug|Mixed Platforms.Build.0 = Debug|Any CPU
		{40CFE110-5216-4BB3-A852-380A5B14210B}.Debug|x86.ActiveCfg = Debug|Any CPU
		{40CFE110-5216-4BB3-A852-380A5B14210B}.Release|Any CPU.ActiveCfg = Release|Any CPU
		{40CFE110-5216-4BB3-A852-380A5B14210B}.Release|Any CPU.Build.0 = Release|Any CPU
		{40CFE110-5216-4BB3-A852-380A5B14210B}.Release|ARM.ActiveCfg = Release|Any CPU
		{40CFE110-5216-4BB3-A852-380A5B14210B}.Release|iPhone.ActiveCfg = Release|Any CPU
		{40CFE110-5216-4BB3-A852-380A5B14210B}.Release|iPhoneSimulator.ActiveCfg = Release|Any CPU
		{40CFE110-5216-4BB3-A852-380A5B14210B}.Release|Mixed Platforms.ActiveCfg = Release|Any CPU
		{40CFE110-5216-4BB3-A852-380A5B14210B}.Release|Mixed Platforms.Build.0 = Release|Any CPU
		{40CFE110-5216-4BB3-A852-380A5B14210B}.Release|x86.ActiveCfg = Release|Any CPU
		{E3F972B5-76F9-48FC-AB2E-3821BF8891F9}.AppStore|Any CPU.ActiveCfg = Release|Any CPU
		{E3F972B5-76F9-48FC-AB2E-3821BF8891F9}.AppStore|Any CPU.Build.0 = Release|Any CPU
		{E3F972B5-76F9-48FC-AB2E-3821BF8891F9}.AppStore|ARM.ActiveCfg = Release|Any CPU
		{E3F972B5-76F9-48FC-AB2E-3821BF8891F9}.AppStore|iPhone.ActiveCfg = Release|Any CPU
		{E3F972B5-76F9-48FC-AB2E-3821BF8891F9}.AppStore|iPhoneSimulator.ActiveCfg = Release|Any CPU
		{E3F972B5-76F9-48FC-AB2E-3821BF8891F9}.AppStore|Mixed Platforms.ActiveCfg = Release|Any CPU
		{E3F972B5-76F9-48FC-AB2E-3821BF8891F9}.AppStore|Mixed Platforms.Build.0 = Release|Any CPU
		{E3F972B5-76F9-48FC-AB2E-3821BF8891F9}.AppStore|x86.ActiveCfg = Release|Any CPU
		{E3F972B5-76F9-48FC-AB2E-3821BF8891F9}.Debug|Any CPU.ActiveCfg = Debug|Any CPU
		{E3F972B5-76F9-48FC-AB2E-3821BF8891F9}.Debug|Any CPU.Build.0 = Debug|Any CPU
		{E3F972B5-76F9-48FC-AB2E-3821BF8891F9}.Debug|ARM.ActiveCfg = Debug|Any CPU
		{E3F972B5-76F9-48FC-AB2E-3821BF8891F9}.Debug|iPhone.ActiveCfg = Debug|Any CPU
		{E3F972B5-76F9-48FC-AB2E-3821BF8891F9}.Debug|iPhoneSimulator.ActiveCfg = Debug|Any CPU
		{E3F972B5-76F9-48FC-AB2E-3821BF8891F9}.Debug|Mixed Platforms.ActiveCfg = Debug|Any CPU
		{E3F972B5-76F9-48FC-AB2E-3821BF8891F9}.Debug|Mixed Platforms.Build.0 = Debug|Any CPU
		{E3F972B5-76F9-48FC-AB2E-3821BF8891F9}.Debug|x86.ActiveCfg = Debug|Any CPU
		{E3F972B5-76F9-48FC-AB2E-3821BF8891F9}.Release|Any CPU.ActiveCfg = Release|Any CPU
		{E3F972B5-76F9-48FC-AB2E-3821BF8891F9}.Release|Any CPU.Build.0 = Release|Any CPU
		{E3F972B5-76F9-48FC-AB2E-3821BF8891F9}.Release|ARM.ActiveCfg = Release|Any CPU
		{E3F972B5-76F9-48FC-AB2E-3821BF8891F9}.Release|iPhone.ActiveCfg = Release|Any CPU
		{E3F972B5-76F9-48FC-AB2E-3821BF8891F9}.Release|iPhoneSimulator.ActiveCfg = Release|Any CPU
		{E3F972B5-76F9-48FC-AB2E-3821BF8891F9}.Release|Mixed Platforms.ActiveCfg = Release|Any CPU
		{E3F972B5-76F9-48FC-AB2E-3821BF8891F9}.Release|Mixed Platforms.Build.0 = Release|Any CPU
		{E3F972B5-76F9-48FC-AB2E-3821BF8891F9}.Release|x86.ActiveCfg = Release|Any CPU
		{106887C8-E8E4-42A1-A848-33A9E1123B02}.AppStore|Any CPU.ActiveCfg = Release|Any CPU
		{106887C8-E8E4-42A1-A848-33A9E1123B02}.AppStore|Any CPU.Build.0 = Release|Any CPU
		{106887C8-E8E4-42A1-A848-33A9E1123B02}.AppStore|Any CPU.Deploy.0 = Release|Any CPU
		{106887C8-E8E4-42A1-A848-33A9E1123B02}.AppStore|ARM.ActiveCfg = Release|Any CPU
		{106887C8-E8E4-42A1-A848-33A9E1123B02}.AppStore|iPhone.ActiveCfg = Release|Any CPU
		{106887C8-E8E4-42A1-A848-33A9E1123B02}.AppStore|iPhoneSimulator.ActiveCfg = Release|Any CPU
		{106887C8-E8E4-42A1-A848-33A9E1123B02}.AppStore|Mixed Platforms.ActiveCfg = Release|Any CPU
		{106887C8-E8E4-42A1-A848-33A9E1123B02}.AppStore|Mixed Platforms.Build.0 = Release|Any CPU
		{106887C8-E8E4-42A1-A848-33A9E1123B02}.AppStore|Mixed Platforms.Deploy.0 = Release|Any CPU
		{106887C8-E8E4-42A1-A848-33A9E1123B02}.AppStore|x86.ActiveCfg = Release|Any CPU
		{106887C8-E8E4-42A1-A848-33A9E1123B02}.Debug|Any CPU.ActiveCfg = Debug|Any CPU
		{106887C8-E8E4-42A1-A848-33A9E1123B02}.Debug|Any CPU.Build.0 = Debug|Any CPU
		{106887C8-E8E4-42A1-A848-33A9E1123B02}.Debug|Any CPU.Deploy.0 = Debug|Any CPU
		{106887C8-E8E4-42A1-A848-33A9E1123B02}.Debug|ARM.ActiveCfg = Debug|Any CPU
		{106887C8-E8E4-42A1-A848-33A9E1123B02}.Debug|iPhone.ActiveCfg = Debug|Any CPU
		{106887C8-E8E4-42A1-A848-33A9E1123B02}.Debug|iPhoneSimulator.ActiveCfg = Debug|Any CPU
		{106887C8-E8E4-42A1-A848-33A9E1123B02}.Debug|Mixed Platforms.ActiveCfg = Debug|Any CPU
		{106887C8-E8E4-42A1-A848-33A9E1123B02}.Debug|Mixed Platforms.Build.0 = Debug|Any CPU
		{106887C8-E8E4-42A1-A848-33A9E1123B02}.Debug|Mixed Platforms.Deploy.0 = Debug|Any CPU
		{106887C8-E8E4-42A1-A848-33A9E1123B02}.Debug|x86.ActiveCfg = Debug|Any CPU
		{106887C8-E8E4-42A1-A848-33A9E1123B02}.Release|Any CPU.ActiveCfg = Release|Any CPU
		{106887C8-E8E4-42A1-A848-33A9E1123B02}.Release|Any CPU.Build.0 = Release|Any CPU
		{106887C8-E8E4-42A1-A848-33A9E1123B02}.Release|Any CPU.Deploy.0 = Release|Any CPU
		{106887C8-E8E4-42A1-A848-33A9E1123B02}.Release|ARM.ActiveCfg = Release|Any CPU
		{106887C8-E8E4-42A1-A848-33A9E1123B02}.Release|iPhone.ActiveCfg = Release|Any CPU
		{106887C8-E8E4-42A1-A848-33A9E1123B02}.Release|iPhoneSimulator.ActiveCfg = Release|Any CPU
		{106887C8-E8E4-42A1-A848-33A9E1123B02}.Release|Mixed Platforms.ActiveCfg = Release|Any CPU
		{106887C8-E8E4-42A1-A848-33A9E1123B02}.Release|Mixed Platforms.Build.0 = Release|Any CPU
		{106887C8-E8E4-42A1-A848-33A9E1123B02}.Release|Mixed Platforms.Deploy.0 = Release|Any CPU
		{106887C8-E8E4-42A1-A848-33A9E1123B02}.Release|x86.ActiveCfg = Release|Any CPU
		{F8DD98AF-5DAB-4B9A-82EB-D8A1A26EA2A1}.AppStore|Any CPU.ActiveCfg = Release|iPhoneSimulator
		{F8DD98AF-5DAB-4B9A-82EB-D8A1A26EA2A1}.AppStore|ARM.ActiveCfg = Release|iPhoneSimulator
		{F8DD98AF-5DAB-4B9A-82EB-D8A1A26EA2A1}.AppStore|iPhone.ActiveCfg = Release|iPhone
		{F8DD98AF-5DAB-4B9A-82EB-D8A1A26EA2A1}.AppStore|iPhone.Build.0 = Release|iPhone
		{F8DD98AF-5DAB-4B9A-82EB-D8A1A26EA2A1}.AppStore|iPhoneSimulator.ActiveCfg = Release|iPhoneSimulator
		{F8DD98AF-5DAB-4B9A-82EB-D8A1A26EA2A1}.AppStore|iPhoneSimulator.Build.0 = Release|iPhoneSimulator
		{F8DD98AF-5DAB-4B9A-82EB-D8A1A26EA2A1}.AppStore|Mixed Platforms.ActiveCfg = Release|iPhoneSimulator
		{F8DD98AF-5DAB-4B9A-82EB-D8A1A26EA2A1}.AppStore|Mixed Platforms.Build.0 = Release|iPhoneSimulator
		{F8DD98AF-5DAB-4B9A-82EB-D8A1A26EA2A1}.AppStore|x86.ActiveCfg = Release|iPhoneSimulator
		{F8DD98AF-5DAB-4B9A-82EB-D8A1A26EA2A1}.Debug|Any CPU.ActiveCfg = Debug|iPhone
		{F8DD98AF-5DAB-4B9A-82EB-D8A1A26EA2A1}.Debug|ARM.ActiveCfg = Debug|iPhone
		{F8DD98AF-5DAB-4B9A-82EB-D8A1A26EA2A1}.Debug|iPhone.ActiveCfg = Debug|iPhone
		{F8DD98AF-5DAB-4B9A-82EB-D8A1A26EA2A1}.Debug|iPhone.Build.0 = Debug|iPhone
		{F8DD98AF-5DAB-4B9A-82EB-D8A1A26EA2A1}.Debug|iPhoneSimulator.ActiveCfg = Debug|iPhoneSimulator
		{F8DD98AF-5DAB-4B9A-82EB-D8A1A26EA2A1}.Debug|iPhoneSimulator.Build.0 = Debug|iPhoneSimulator
		{F8DD98AF-5DAB-4B9A-82EB-D8A1A26EA2A1}.Debug|Mixed Platforms.ActiveCfg = Debug|iPhone
		{F8DD98AF-5DAB-4B9A-82EB-D8A1A26EA2A1}.Debug|Mixed Platforms.Build.0 = Debug|iPhone
		{F8DD98AF-5DAB-4B9A-82EB-D8A1A26EA2A1}.Debug|x86.ActiveCfg = Debug|iPhone
		{F8DD98AF-5DAB-4B9A-82EB-D8A1A26EA2A1}.Release|Any CPU.ActiveCfg = Release|iPhone
		{F8DD98AF-5DAB-4B9A-82EB-D8A1A26EA2A1}.Release|ARM.ActiveCfg = Release|iPhone
		{F8DD98AF-5DAB-4B9A-82EB-D8A1A26EA2A1}.Release|iPhone.ActiveCfg = Release|iPhone
		{F8DD98AF-5DAB-4B9A-82EB-D8A1A26EA2A1}.Release|iPhone.Build.0 = Release|iPhone
		{F8DD98AF-5DAB-4B9A-82EB-D8A1A26EA2A1}.Release|iPhoneSimulator.ActiveCfg = Release|iPhoneSimulator
		{F8DD98AF-5DAB-4B9A-82EB-D8A1A26EA2A1}.Release|iPhoneSimulator.Build.0 = Release|iPhoneSimulator
		{F8DD98AF-5DAB-4B9A-82EB-D8A1A26EA2A1}.Release|Mixed Platforms.ActiveCfg = Release|iPhone
		{F8DD98AF-5DAB-4B9A-82EB-D8A1A26EA2A1}.Release|Mixed Platforms.Build.0 = Release|iPhone
		{F8DD98AF-5DAB-4B9A-82EB-D8A1A26EA2A1}.Release|x86.ActiveCfg = Release|iPhone
		{710160A1-8E16-42A0-9177-224853D5C9C9}.AppStore|Any CPU.ActiveCfg = Release|Any CPU
		{710160A1-8E16-42A0-9177-224853D5C9C9}.AppStore|Any CPU.Build.0 = Release|Any CPU
		{710160A1-8E16-42A0-9177-224853D5C9C9}.AppStore|Any CPU.Deploy.0 = Release|Any CPU
		{710160A1-8E16-42A0-9177-224853D5C9C9}.AppStore|ARM.ActiveCfg = Release|ARM
		{710160A1-8E16-42A0-9177-224853D5C9C9}.AppStore|ARM.Build.0 = Release|ARM
		{710160A1-8E16-42A0-9177-224853D5C9C9}.AppStore|ARM.Deploy.0 = Release|ARM
		{710160A1-8E16-42A0-9177-224853D5C9C9}.AppStore|iPhone.ActiveCfg = Release|Any CPU
		{710160A1-8E16-42A0-9177-224853D5C9C9}.AppStore|iPhoneSimulator.ActiveCfg = Release|Any CPU
		{710160A1-8E16-42A0-9177-224853D5C9C9}.AppStore|Mixed Platforms.ActiveCfg = Release|x86
		{710160A1-8E16-42A0-9177-224853D5C9C9}.AppStore|Mixed Platforms.Build.0 = Release|x86
		{710160A1-8E16-42A0-9177-224853D5C9C9}.AppStore|Mixed Platforms.Deploy.0 = Release|x86
		{710160A1-8E16-42A0-9177-224853D5C9C9}.AppStore|x86.ActiveCfg = Release|x86
		{710160A1-8E16-42A0-9177-224853D5C9C9}.AppStore|x86.Build.0 = Release|x86
		{710160A1-8E16-42A0-9177-224853D5C9C9}.AppStore|x86.Deploy.0 = Release|x86
		{710160A1-8E16-42A0-9177-224853D5C9C9}.Debug|Any CPU.ActiveCfg = Debug|Any CPU
		{710160A1-8E16-42A0-9177-224853D5C9C9}.Debug|Any CPU.Build.0 = Debug|Any CPU
		{710160A1-8E16-42A0-9177-224853D5C9C9}.Debug|Any CPU.Deploy.0 = Debug|Any CPU
		{710160A1-8E16-42A0-9177-224853D5C9C9}.Debug|ARM.ActiveCfg = Debug|ARM
		{710160A1-8E16-42A0-9177-224853D5C9C9}.Debug|ARM.Build.0 = Debug|ARM
		{710160A1-8E16-42A0-9177-224853D5C9C9}.Debug|ARM.Deploy.0 = Debug|ARM
		{710160A1-8E16-42A0-9177-224853D5C9C9}.Debug|iPhone.ActiveCfg = Debug|Any CPU
		{710160A1-8E16-42A0-9177-224853D5C9C9}.Debug|iPhoneSimulator.ActiveCfg = Debug|Any CPU
		{710160A1-8E16-42A0-9177-224853D5C9C9}.Debug|Mixed Platforms.ActiveCfg = Debug|x86
		{710160A1-8E16-42A0-9177-224853D5C9C9}.Debug|Mixed Platforms.Build.0 = Debug|x86
		{710160A1-8E16-42A0-9177-224853D5C9C9}.Debug|Mixed Platforms.Deploy.0 = Debug|x86
		{710160A1-8E16-42A0-9177-224853D5C9C9}.Debug|x86.ActiveCfg = Debug|x86
		{710160A1-8E16-42A0-9177-224853D5C9C9}.Debug|x86.Build.0 = Debug|x86
		{710160A1-8E16-42A0-9177-224853D5C9C9}.Debug|x86.Deploy.0 = Debug|x86
		{710160A1-8E16-42A0-9177-224853D5C9C9}.Release|Any CPU.ActiveCfg = Release|Any CPU
		{710160A1-8E16-42A0-9177-224853D5C9C9}.Release|Any CPU.Build.0 = Release|Any CPU
		{710160A1-8E16-42A0-9177-224853D5C9C9}.Release|Any CPU.Deploy.0 = Release|Any CPU
		{710160A1-8E16-42A0-9177-224853D5C9C9}.Release|ARM.ActiveCfg = Release|ARM
		{710160A1-8E16-42A0-9177-224853D5C9C9}.Release|ARM.Build.0 = Release|ARM
		{710160A1-8E16-42A0-9177-224853D5C9C9}.Release|ARM.Deploy.0 = Release|ARM
		{710160A1-8E16-42A0-9177-224853D5C9C9}.Release|iPhone.ActiveCfg = Release|Any CPU
		{710160A1-8E16-42A0-9177-224853D5C9C9}.Release|iPhoneSimulator.ActiveCfg = Release|Any CPU
		{710160A1-8E16-42A0-9177-224853D5C9C9}.Release|Mixed Platforms.ActiveCfg = Release|x86
		{710160A1-8E16-42A0-9177-224853D5C9C9}.Release|Mixed Platforms.Build.0 = Release|x86
		{710160A1-8E16-42A0-9177-224853D5C9C9}.Release|Mixed Platforms.Deploy.0 = Release|x86
		{710160A1-8E16-42A0-9177-224853D5C9C9}.Release|x86.ActiveCfg = Release|x86
		{710160A1-8E16-42A0-9177-224853D5C9C9}.Release|x86.Build.0 = Release|x86
		{710160A1-8E16-42A0-9177-224853D5C9C9}.Release|x86.Deploy.0 = Release|x86
		{85326D3A-9CE1-4C4F-8DC1-6F33217A60F7}.AppStore|Any CPU.ActiveCfg = Release|Any CPU
		{85326D3A-9CE1-4C4F-8DC1-6F33217A60F7}.AppStore|Any CPU.Build.0 = Release|Any CPU
		{85326D3A-9CE1-4C4F-8DC1-6F33217A60F7}.AppStore|ARM.ActiveCfg = Release|Any CPU
		{85326D3A-9CE1-4C4F-8DC1-6F33217A60F7}.AppStore|iPhone.ActiveCfg = Release|Any CPU
		{85326D3A-9CE1-4C4F-8DC1-6F33217A60F7}.AppStore|iPhone.Build.0 = Release|Any CPU
		{85326D3A-9CE1-4C4F-8DC1-6F33217A60F7}.AppStore|iPhoneSimulator.ActiveCfg = Release|Any CPU
		{85326D3A-9CE1-4C4F-8DC1-6F33217A60F7}.AppStore|iPhoneSimulator.Build.0 = Release|Any CPU
		{85326D3A-9CE1-4C4F-8DC1-6F33217A60F7}.AppStore|Mixed Platforms.ActiveCfg = Release|Any CPU
		{85326D3A-9CE1-4C4F-8DC1-6F33217A60F7}.AppStore|Mixed Platforms.Build.0 = Release|Any CPU
		{85326D3A-9CE1-4C4F-8DC1-6F33217A60F7}.AppStore|x86.ActiveCfg = Release|Any CPU
		{85326D3A-9CE1-4C4F-8DC1-6F33217A60F7}.Debug|Any CPU.ActiveCfg = Debug|Any CPU
		{85326D3A-9CE1-4C4F-8DC1-6F33217A60F7}.Debug|Any CPU.Build.0 = Debug|Any CPU
		{85326D3A-9CE1-4C4F-8DC1-6F33217A60F7}.Debug|ARM.ActiveCfg = Debug|Any CPU
		{85326D3A-9CE1-4C4F-8DC1-6F33217A60F7}.Debug|iPhone.ActiveCfg = Debug|Any CPU
		{85326D3A-9CE1-4C4F-8DC1-6F33217A60F7}.Debug|iPhone.Build.0 = Debug|Any CPU
		{85326D3A-9CE1-4C4F-8DC1-6F33217A60F7}.Debug|iPhoneSimulator.ActiveCfg = Debug|Any CPU
		{85326D3A-9CE1-4C4F-8DC1-6F33217A60F7}.Debug|iPhoneSimulator.Build.0 = Debug|Any CPU
		{85326D3A-9CE1-4C4F-8DC1-6F33217A60F7}.Debug|Mixed Platforms.ActiveCfg = Debug|Any CPU
		{85326D3A-9CE1-4C4F-8DC1-6F33217A60F7}.Debug|Mixed Platforms.Build.0 = Debug|Any CPU
		{85326D3A-9CE1-4C4F-8DC1-6F33217A60F7}.Debug|x86.ActiveCfg = Debug|Any CPU
		{85326D3A-9CE1-4C4F-8DC1-6F33217A60F7}.Release|Any CPU.ActiveCfg = Release|Any CPU
		{85326D3A-9CE1-4C4F-8DC1-6F33217A60F7}.Release|Any CPU.Build.0 = Release|Any CPU
		{85326D3A-9CE1-4C4F-8DC1-6F33217A60F7}.Release|ARM.ActiveCfg = Release|Any CPU
		{85326D3A-9CE1-4C4F-8DC1-6F33217A60F7}.Release|iPhone.ActiveCfg = Release|Any CPU
		{85326D3A-9CE1-4C4F-8DC1-6F33217A60F7}.Release|iPhone.Build.0 = Release|Any CPU
		{85326D3A-9CE1-4C4F-8DC1-6F33217A60F7}.Release|iPhoneSimulator.ActiveCfg = Release|Any CPU
		{85326D3A-9CE1-4C4F-8DC1-6F33217A60F7}.Release|iPhoneSimulator.Build.0 = Release|Any CPU
		{85326D3A-9CE1-4C4F-8DC1-6F33217A60F7}.Release|Mixed Platforms.ActiveCfg = Release|Any CPU
		{85326D3A-9CE1-4C4F-8DC1-6F33217A60F7}.Release|Mixed Platforms.Build.0 = Release|Any CPU
		{85326D3A-9CE1-4C4F-8DC1-6F33217A60F7}.Release|x86.ActiveCfg = Release|Any CPU
	EndGlobalSection
	GlobalSection(SolutionProperties) = preSolution
		HideSolutionNode = FALSE
	EndGlobalSection
EndGlobal
